
Microsoft Visual Studio Solution File, Format Version 12.00
# Visual Studio Version 17
VisualStudioVersion = 17.3.32929.385
MinimumVisualStudioVersion = 10.0.40219.1
Project("{FAE04EC0-301F-11D3-BF4B-00C04F79EFBC}") = "THA_W4_VINCENTIA_T_JADI", "THA_W4_VINCENTIA_T_JADI\THA_W4_VINCENTIA_T_JADI.csproj", "{E9D910B2-78EB-45A1-AE29-D3A73F6DA70C}"
EndProject
Global
	GlobalSection(SolutionConfigurationPlatforms) = preSolution
		Debug|Any CPU = Debug|Any CPU
		Release|Any CPU = Release|Any CPU
	EndGlobalSection
	GlobalSection(ProjectConfigurationPlatforms) = postSolution
		{E9D910B2-78EB-45A1-AE29-D3A73F6DA70C}.Debug|Any CPU.ActiveCfg = Debug|Any CPU
		{E9D910B2-78EB-45A1-AE29-D3A73F6DA70C}.Debug|Any CPU.Build.0 = Debug|Any CPU
		{E9D910B2-78EB-45A1-AE29-D3A73F6DA70C}.Release|Any CPU.ActiveCfg = Release|Any CPU
		{E9D910B2-78EB-45A1-AE29-D3A73F6DA70C}.Release|Any CPU.Build.0 = Release|Any CPU
	EndGlobalSection
	GlobalSection(SolutionProperties) = preSolution
		HideSolutionNode = FALSE
	EndGlobalSection
	GlobalSection(ExtensibilityGlobals) = postSolution
		SolutionGuid = {79B73713-A43E-4818-BCFE-1B293E198782}
	EndGlobalSection
EndGlobal
